
Microsoft Visual Studio Solution File, Format Version 11.00
# Visual Studio 2010
Project("{FAE04EC0-301F-11D3-BF4B-00C04F79EFBC}") = "PMySql", "PMySql\PMySql.csproj", "{A61B87A0-EC35-4B00-8DC2-186887595760}"
EndProject
Global
	GlobalSection(SolutionConfigurationPlatforms) = preSolution
		Debug|x86 = Debug|x86
		Release|x86 = Release|x86
	EndGlobalSection
	GlobalSection(ProjectConfigurationPlatforms) = postSolution
		{A61B87A0-EC35-4B00-8DC2-186887595760}.Debug|x86.ActiveCfg = Debug|x86
		{A61B87A0-EC35-4B00-8DC2-186887595760}.Debug|x86.Build.0 = Debug|x86
		{A61B87A0-EC35-4B00-8DC2-186887595760}.Release|x86.ActiveCfg = Release|x86
		{A61B87A0-EC35-4B00-8DC2-186887595760}.Release|x86.Build.0 = Release|x86
	EndGlobalSection
	GlobalSection(MonoDevelopProperties) = preSolution
		StartupItem = PMySql\PMySql.csproj
	EndGlobalSection
EndGlobal
